
Microsoft Visual Studio Solution File, Format Version 12.00
# Visual Studio Version 16
VisualStudioVersion = 16.0.31025.194
MinimumVisualStudioVersion = 10.0.40219.1
Project("{FAE04EC0-301F-11D3-BF4B-00C04F79EFBC}") = "Simulador", "Simulador\Simulador.csproj", "{F65F560B-F2D3-45D4-AF8D-78F1DC675878}"
EndProject
Global
	GlobalSection(SolutionConfigurationPlatforms) = preSolution
		Debug|Any CPU = Debug|Any CPU
		Release|Any CPU = Release|Any CPU
	EndGlobalSection
	GlobalSection(ProjectConfigurationPlatforms) = postSolution
		{F65F560B-F2D3-45D4-AF8D-78F1DC675878}.Debug|Any CPU.ActiveCfg = Debug|Any CPU
		{F65F560B-F2D3-45D4-AF8D-78F1DC675878}.Debug|Any CPU.Build.0 = Debug|Any CPU
		{F65F560B-F2D3-45D4-AF8D-78F1DC675878}.Release|Any CPU.ActiveCfg = Release|Any CPU
		{F65F560B-F2D3-45D4-AF8D-78F1DC675878}.Release|Any CPU.Build.0 = Release|Any CPU
	EndGlobalSection
	GlobalSection(SolutionProperties) = preSolution
		HideSolutionNode = FALSE
	EndGlobalSection
	GlobalSection(ExtensibilityGlobals) = postSolution
		SolutionGuid = {BFAD0E4C-0A63-4E76-B6D7-EF2188FC904E}
	EndGlobalSection
EndGlobal
